// !$*UTF8*$!
{
	archiveVersion = 1;
	classes = {
	};
	objectVersion = 77;
	objects = {

/* Begin PBXBuildFile section */
		ED7059FD2D6C49A8004484AD /* README.md in Resources */ = {isa = PBXBuildFile; fileRef = ED7059FC2D6C49A2004484AD /* README.md */; };
/* End PBXBuildFile section */

/* Begin PBXContainerItemProxy section */
		ED7059DF2D6C4610004484AD /* PBXContainerItemProxy */ = {
			isa = PBXContainerItemProxy;
			containerPortal = ED7059C02D6C460F004484AD /* Project object */;
			proxyType = 1;
			remoteGlobalIDString = ED7059C72D6C460F004484AD;
			remoteInfo = iOS_App_Random_Color;
		};
		ED7059E92D6C4610004484AD /* PBXContainerItemProxy */ = {
			isa = PBXContainerItemProxy;
			containerPortal = ED7059C02D6C460F004484AD /* Project object */;
			proxyType = 1;
			remoteGlobalIDString = ED7059C72D6C460F004484AD;
			remoteInfo = iOS_App_Random_Color;
		};
/* End PBXContainerItemProxy section */

/* Begin PBXFileReference section */
		ED7059C82D6C460F004484AD /* iOS_App_Random_Color.app */ = {isa = PBXFileReference; explicitFileType = wrapper.application; includeInIndex = 0; path = iOS_App_Random_Color.app; sourceTree = BUILT_PRODUCTS_DIR; };
		ED7059DE2D6C4610004484AD /* iOS_App_Random_ColorTests.xctest */ = {isa = PBXFileReference; explicitFileType = wrapper.cfbundle; includeInIndex = 0; path = iOS_App_Random_ColorTests.xctest; sourceTree = BUILT_PRODUCTS_DIR; };
		ED7059E82D6C4610004484AD /* iOS_App_Random_ColorUITests.xctest */ = {isa = PBXFileReference; explicitFileType = wrapper.cfbundle; includeInIndex = 0; path = iOS_App_Random_ColorUITests.xctest; sourceTree = BUILT_PRODUCTS_DIR; };
		ED7059FC2D6C49A2004484AD /* README.md */ = {isa = PBXFileReference; lastKnownFileType = net.daringfireball.markdown; path = README.md; sourceTree = "<group>"; };
/* End PBXFileReference section */

/* Begin PBXFileSystemSynchronizedBuildFileExceptionSet section */
		ED7059F02D6C4610004484AD /* Exceptions for "iOS_App_Random_Color" folder in "iOS_App_Random_Color" target */ = {
			isa = PBXFileSystemSynchronizedBuildFileExceptionSet;
			membershipExceptions = (
				Info.plist,
			);
			target = ED7059C72D6C460F004484AD /* iOS_App_Random_Color */;
		};
/* End PBXFileSystemSynchronizedBuildFileExceptionSet section */

/* Begin PBXFileSystemSynchronizedRootGroup section */
		ED7059CA2D6C460F004484AD /* iOS_App_Random_Color */ = {
			isa = PBXFileSystemSynchronizedRootGroup;
			exceptions = (
				ED7059F02D6C4610004484AD /* Exceptions for "iOS_App_Random_Color" folder in "iOS_App_Random_Color" target */,
			);
			path = iOS_App_Random_Color;
			sourceTree = "<group>";
		};
		ED7059E12D6C4610004484AD /* iOS_App_Random_ColorTests */ = {
			isa = PBXFileSystemSynchronizedRootGroup;
			path = iOS_App_Random_ColorTests;
			sourceTree = "<group>";
		};
		ED7059EB2D6C4610004484AD /* iOS_App_Random_ColorUITests */ = {
			isa = PBXFileSystemSynchronizedRootGroup;
			path = iOS_App_Random_ColorUITests;
			sourceTree = "<group>";
		};
/* End PBXFileSystemSynchronizedRootGroup section */

/* Begin PBXFrameworksBuildPhase section */
		ED7059C52D6C460F004484AD /* Frameworks */ = {
			isa = PBXFrameworksBuildPhase;
			buildActionMask = 2147483647;
			files = (
			);
			runOnlyForDeploymentPostprocessing = 0;
		};
		ED7059DB2D6C4610004484AD /* Frameworks */ = {
			isa = PBXFrameworksBuildPhase;
			buildActionMask = 2147483647;
			files = (
			);
			runOnlyForDeploymentPostprocessing = 0;
		};
		ED7059E52D6C4610004484AD /* Frameworks */ = {
			isa = PBXFrameworksBuildPhase;
			buildActionMask = 2147483647;
			files = (
			);
			runOnlyForDeploymentPostprocessing = 0;
		};
/* End PBXFrameworksBuildPhase section */

/* Begin PBXGroup section */
		ED7059BF2D6C460F004484AD = {
			isa = PBXGroup;
			children = (
				ED7059FC2D6C49A2004484AD /* README.md */,
				ED7059CA2D6C460F004484AD /* iOS_App_Random_Color */,
				ED7059E12D6C4610004484AD /* iOS_App_Random_ColorTests */,
				ED7059EB2D6C4610004484AD /* iOS_App_Random_ColorUITests */,
				ED7059C92D6C460F004484AD /* Products */,
			);
			sourceTree = "<group>";
		};
		ED7059C92D6C460F004484AD /* Products */ = {
			isa = PBXGroup;
			children = (
				ED7059C82D6C460F004484AD /* iOS_App_Random_Color.app */,
				ED7059DE2D6C4610004484AD /* iOS_App_Random_ColorTests.xctest */,
				ED7059E82D6C4610004484AD /* iOS_App_Random_ColorUITests.xctest */,
			);
			name = Products;
			sourceTree = "<group>";
		};
/* End PBXGroup section */

/* Begin PBXNativeTarget section */
		ED7059C72D6C460F004484AD /* iOS_App_Random_Color */ = {
			isa = PBXNativeTarget;
			buildConfigurationList = ED7059F12D6C4610004484AD /* Build configuration list for PBXNativeTarget "iOS_App_Random_Color" */;
			buildPhases = (
				ED7059C42D6C460F004484AD /* Sources */,
				ED7059C52D6C460F004484AD /* Frameworks */,
				ED7059C62D6C460F004484AD /* Resources */,
			);
			buildRules = (
			);
			dependencies = (
			);
			fileSystemSynchronizedGroups = (
				ED7059CA2D6C460F004484AD /* iOS_App_Random_Color */,
			);
			name = iOS_App_Random_Color;
			packageProductDependencies = (
			);
			productName = iOS_App_Random_Color;
			productReference = ED7059C82D6C460F004484AD /* iOS_App_Random_Color.app */;
			productType = "com.apple.product-type.application";
		};
		ED7059DD2D6C4610004484AD /* iOS_App_Random_ColorTests */ = {
			isa = PBXNativeTarget;
			buildConfigurationList = ED7059F62D6C4610004484AD /* Build configuration list for PBXNativeTarget "iOS_App_Random_ColorTests" */;
			buildPhases = (
				ED7059DA2D6C4610004484AD /* Sources */,
				ED7059DB2D6C4610004484AD /* Frameworks */,
				ED7059DC2D6C4610004484AD /* Resources */,
			);
			buildRules = (
			);
			dependencies = (
				ED7059E02D6C4610004484AD /* PBXTargetDependency */,
			);
			fileSystemSynchronizedGroups = (
				ED7059E12D6C4610004484AD /* iOS_App_Random_ColorTests */,
			);
			name = iOS_App_Random_ColorTests;
			packageProductDependencies = (
			);
			productName = iOS_App_Random_ColorTests;
			productReference = ED7059DE2D6C4610004484AD /* iOS_App_Random_ColorTests.xctest */;
			productType = "com.apple.product-type.bundle.unit-test";
		};
		ED7059E72D6C4610004484AD /* iOS_App_Random_ColorUITests */ = {
			isa = PBXNativeTarget;
			buildConfigurationList = ED7059F92D6C4610004484AD /* Build configuration list for PBXNativeTarget "iOS_App_Random_ColorUITests" */;
			buildPhases = (
				ED7059E42D6C4610004484AD /* Sources */,
				ED7059E52D6C4610004484AD /* Frameworks */,
				ED7059E62D6C4610004484AD /* Resources */,
			);
			buildRules = (
			);
			dependencies = (
				ED7059EA2D6C4610004484AD /* PBXTargetDependency */,
			);
			fileSystemSynchronizedGroups = (
				ED7059EB2D6C4610004484AD /* iOS_App_Random_ColorUITests */,
			);
			name = iOS_App_Random_ColorUITests;
			packageProductDependencies = (
			);
			productName = iOS_App_Random_ColorUITests;
			productReference = ED7059E82D6C4610004484AD /* iOS_App_Random_ColorUITests.xctest */;
			productType = "com.apple.product-type.bundle.ui-testing";
		};
/* End PBXNativeTarget section */

/* Begin PBXProject section */
		ED7059C02D6C460F004484AD /* Project object */ = {
			isa = PBXProject;
			attributes = {
				BuildIndependentTargetsInParallel = 1;
				LastSwiftUpdateCheck = 1620;
				LastUpgradeCheck = 1620;
				TargetAttributes = {
					ED7059C72D6C460F004484AD = {
						CreatedOnToolsVersion = 16.2;
					};
					ED7059DD2D6C4610004484AD = {
						CreatedOnToolsVersion = 16.2;
						TestTargetID = ED7059C72D6C460F004484AD;
					};
					ED7059E72D6C4610004484AD = {
						CreatedOnToolsVersion = 16.2;
						TestTargetID = ED7059C72D6C460F004484AD;
					};
				};
			};
			buildConfigurationList = ED7059C32D6C460F004484AD /* Build configuration list for PBXProject "iOS_App_Random_Color" */;
			developmentRegion = en;
			hasScannedForEncodings = 0;
			knownRegions = (
				en,
				Base,
			);
			mainGroup = ED7059BF2D6C460F004484AD;
			minimizedProjectReferenceProxies = 1;
			preferredProjectObjectVersion = 77;
			productRefGroup = ED7059C92D6C460F004484AD /* Products */;
			projectDirPath = "";
			projectRoot = "";
			targets = (
				ED7059C72D6C460F004484AD /* iOS_App_Random_Color */,
				ED7059DD2D6C4610004484AD /* iOS_App_Random_ColorTests */,
				ED7059E72D6C4610004484AD /* iOS_App_Random_ColorUITests */,
			);
		};
/* End PBXProject section */

/* Begin PBXResourcesBuildPhase section */
		ED7059C62D6C460F004484AD /* Resources */ = {
			isa = PBXResourcesBuildPhase;
			buildActionMask = 2147483647;
			files = (
				ED7059FD2D6C49A8004484AD /* README.md in Resources */,
			);
			runOnlyForDeploymentPostprocessing = 0;
		};
		ED7059DC2D6C4610004484AD /* Resources */ = {
			isa = PBXResourcesBuildPhase;
			buildActionMask = 2147483647;
			files = (
			);
			runOnlyForDeploymentPostprocessing = 0;
		};
		ED7059E62D6C4610004484AD /* Resources */ = {
			isa = PBXResourcesBuildPhase;
			buildActionMask = 2147483647;
			files = (
			);
			runOnlyForDeploymentPostprocessing = 0;
		};
/* End PBXResourcesBuildPhase section */

/* Begin PBXSourcesBuildPhase section */
		ED7059C42D6C460F004484AD /* Sources */ = {
			isa = PBXSourcesBuildPhase;
			buildActionMask = 2147483647;
			files = (
			);
			runOnlyForDeploymentPostprocessing = 0;
		};
		ED7059DA2D6C4610004484AD /* Sources */ = {
			isa = PBXSourcesBuildPhase;
			buildActionMask = 2147483647;
			files = (
			);
			runOnlyForDeploymentPostprocessing = 0;
		};
		ED7059E42D6C4610004484AD /* Sources */ = {
			isa = PBXSourcesBuildPhase;
			buildActionMask = 2147483647;
			files = (
			);
			runOnlyForDeploymentPostprocessing = 0;
		};
/* End PBXSourcesBuildPhase section */

/* Begin PBXTargetDependency section */
		ED7059E02D6C4610004484AD /* PBXTargetDependency */ = {
			isa = PBXTargetDependency;
			target = ED7059C72D6C460F004484AD /* iOS_App_Random_Color */;
			targetProxy = ED7059DF2D6C4610004484AD /* PBXContainerItemProxy */;
		};
		ED7059EA2D6C4610004484AD /* PBXTargetDependency */ = {
			isa = PBXTargetDependency;
			target = ED7059C72D6C460F004484AD /* iOS_App_Random_Color */;
			targetProxy = ED7059E92D6C4610004484AD /* PBXContainerItemProxy */;
		};
/* End PBXTargetDependency section */

/* Begin XCBuildConfiguration section */
		ED7059F22D6C4610004484AD /* Debug */ = {
			isa = XCBuildConfiguration;
			buildSettings = {
				ASSETCATALOG_COMPILER_APPICON_NAME = AppIcon;
				ASSETCATALOG_COMPILER_GLOBAL_ACCENT_COLOR_NAME = AccentColor;
				CODE_SIGN_STYLE = Automatic;
				CURRENT_PROJECT_VERSION = 1;
				GENERATE_INFOPLIST_FILE = YES;
				INFOPLIST_FILE = iOS_App_Random_Color/Info.plist;
				INFOPLIST_KEY_UIApplicationSupportsIndirectInputEvents = YES;
				INFOPLIST_KEY_UILaunchStoryboardName = LaunchScreen;
				INFOPLIST_KEY_UIMainStoryboardFile = Main;
				INFOPLIST_KEY_UISupportedInterfaceOrientations_iPad = "UIInterfaceOrientationPortrait UIInterfaceOrientationPortraitUpsideDown UIInterfaceOrientationLandscapeLeft UIInterfaceOrientationLandscapeRight";
				INFOPLIST_KEY_UISupportedInterfaceOrientations_iPhone = "UIInterfaceOrientationPortrait UIInterfaceOrientationLandscapeLeft UIInterfaceOrientationLandscapeRight";
				LD_RUNPATH_SEARCH_PATHS = (
					"$(inherited)",
					"@executable_path/Frameworks",
				);
				MARKETING_VERSION = 1.0;
				PRODUCT_BUNDLE_IDENTIFIER = "com.NH.iOS-App-Random-Color";
				PRODUCT_NAME = "$(TARGET_NAME)";
				SWIFT_EMIT_LOC_STRINGS = YES;
				SWIFT_VERSION = 5.0;
				TARGETED_DEVICE_FAMILY = "1,2";
			};
			name = Debug;
		};
		ED7059F32D6C4610004484AD /* Release */ = {
			isa = XCBuildConfiguration;
			buildSettings = {
				ASSETCATALOG_COMPILER_APPICON_NAME = AppIcon;
				ASSETCATALOG_COMPILER_GLOBAL_ACCENT_COLOR_NAME = AccentColor;
				CODE_SIGN_STYLE = Automatic;
				CURRENT_PROJECT_VERSION = 1;
				GENERATE_INFOPLIST_FILE = YES;
				INFOPLIST_FILE = iOS_App_Random_Color/Info.plist;
				INFOPLIST_KEY_UIApplicationSupportsIndirectInputEvents = YES;
				INFOPLIST_KEY_UILaunchStoryboardName = LaunchScreen;
				INFOPLIST_KEY_UIMainStoryboardFile = Main;
				INFOPLIST_KEY_UISupportedInterfaceOrientations_iPad = "UIInterfaceOrientationPortrait UIInterfaceOrientationPortraitUpsideDown UIInterfaceOrientationLandscapeLeft UIInterfaceOrientationLandscapeRight";
				INFOPLIST_KEY_UISupportedInterfaceOrientations_iPhone = "UIInterfaceOrientationPortrait UIInterfaceOrientationLandscapeLeft UIInterfaceOrientationLandscapeRight";
				LD_RUNPATH_SEARCH_PATHS = (
					"$(inherited)",
					"@executable_path/Frameworks",
				);
				MARKETING_VERSION = 1.0;
				PRODUCT_BUNDLE_IDENTIFIER = "com.NH.iOS-App-Random-Color";
				PRODUCT_NAME = "$(TARGET_NAME)";
				SWIFT_EMIT_LOC_STRINGS = YES;
				SWIFT_VERSION = 5.0;
				TARGETED_DEVICE_FAMILY = "1,2";
			};
			name = Release;
		};
		ED7059F42D6C4610004484AD /* Debug */ = {
			isa = XCBuildConfiguration;
			buildSettings = {
				ALWAYS_SEARCH_USER_PATHS = NO;
				ASSETCATALOG_COMPILER_GENERATE_SWIFT_ASSET_SYMBOL_EXTENSIONS = YES;
				CLANG_ANALYZER_NONNULL = YES;
				CLANG_ANALYZER_NUMBER_OBJECT_CONVERSION = YES_AGGRESSIVE;
				CLANG_CXX_LANGUAGE_STANDARD = "gnu++20";
				CLANG_ENABLE_MODULES = YES;
				CLANG_ENABLE_OBJC_ARC = YES;
				CLANG_ENABLE_OBJC_WEAK = YES;
				CLANG_WARN_BLOCK_CAPTURE_AUTORELEASING = YES;
				CLANG_WARN_BOOL_CONVERSION = YES;
				CLANG_WARN_COMMA = YES;
				CLANG_WARN_CONSTANT_CONVERSION = YES;
				CLANG_WARN_DEPRECATED_OBJC_IMPLEMENTATIONS = YES;
				CLANG_WARN_DIRECT_OBJC_ISA_USAGE = YES_ERROR;
				CLANG_WARN_DOCUMENTATION_COMMENTS = YES;
				CLANG_WARN_EMPTY_BODY = YES;
				CLANG_WARN_ENUM_CONVERSION = YES;
				CLANG_WARN_INFINITE_RECURSION = YES;
				CLANG_WARN_INT_CONVERSION = YES;
				CLANG_WARN_NON_LITERAL_NULL_CONVERSION = YES;
				CLANG_WARN_OBJC_IMPLICIT_RETAIN_SELF = YES;
				CLANG_WARN_OBJC_LITERAL_CONVERSION = YES;
				CLANG_WARN_OBJC_ROOT_CLASS = YES_ERROR;
				CLANG_WARN_QUOTED_INCLUDE_IN_FRAMEWORK_HEADER = YES;
				CLANG_WARN_RANGE_LOOP_ANALYSIS = YES;
				CLANG_WARN_STRICT_PROTOTYPES = YES;
				CLANG_WARN_SUSPICIOUS_MOVE = YES;
				CLANG_WARN_UNGUARDED_AVAILABILITY = YES_AGGRESSIVE;
				CLANG_WARN_UNREACHABLE_CODE = YES;
				CLANG_WARN__DUPLICATE_METHOD_MATCH = YES;
				COPY_PHASE_STRIP = NO;
				DEBUG_INFORMATION_FORMAT = dwarf;
				ENABLE_STRICT_OBJC_MSGSEND = YES;
				ENABLE_TESTABILITY = YES;
				ENABLE_USER_SCRIPT_SANDBOXING = YES;
				GCC_C_LANGUAGE_STANDARD = gnu17;
				GCC_DYNAMIC_NO_PIC = NO;
				GCC_NO_COMMON_BLOCKS = YES;
				GCC_OPTIMIZATION_LEVEL = 0;
				GCC_PREPROCESSOR_DEFINITIONS = (
					"DEBUG=1",
					"$(inherited)",
				);
				GCC_WARN_64_TO_32_BIT_CONVERSION = YES;
				GCC_WARN_ABOUT_RETURN_TYPE = YES_ERROR;
				GCC_WARN_UNDECLARED_SELECTOR = YES;
				GCC_WARN_UNINITIALIZED_AUTOS = YES_AGGRESSIVE;
				GCC_WARN_UNUSED_FUNCTION = YES;
				GCC_WARN_UNUSED_VARIABLE = YES;
				IPHONEOS_DEPLOYMENT_TARGET = 18.2;
				LOCALIZATION_PREFERS_STRING_CATALOGS = YES;
				MTL_ENABLE_DEBUG_INFO = INCLUDE_SOURCE;
				MTL_FAST_MATH = YES;
				ONLY_ACTIVE_ARCH = YES;
				SDKROOT = iphoneos;
				SWIFT_ACTIVE_COMPILATION_CONDITIONS = "DEBUG $(inherited)";
				SWIFT_OPTIMIZATION_LEVEL = "-Onone";
			};
			name = Debug;
		};
		ED7059F52D6C4610004484AD /* Release */ = {
			isa = XCBuildConfiguration;
			buildSettings = {
				ALWAYS_SEARCH_USER_PATHS = NO;
				ASSETCATALOG_COMPILER_GENERATE_SWIFT_ASSET_SYMBOL_EXTENSIONS = YES;
				CLANG_ANALYZER_NONNULL = YES;
				CLANG_ANALYZER_NUMBER_OBJECT_CONVERSION = YES_AGGRESSIVE;
				CLANG_CXX_LANGUAGE_STANDARD = "gnu++20";
				CLANG_ENABLE_MODULES = YES;
				CLANG_ENABLE_OBJC_ARC = YES;
				CLANG_ENABLE_OBJC_WEAK = YES;
				CLANG_WARN_BLOCK_CAPTURE_AUTORELEASING = YES;
				CLANG_WARN_BOOL_CONVERSION = YES;
				CLANG_WARN_COMMA = YES;
				CLANG_WARN_CONSTANT_CONVERSION = YES;
				CLANG_WARN_DEPRECATED_OBJC_IMPLEMENTATIONS = YES;
				CLANG_WARN_DIRECT_OBJC_ISA_USAGE = YES_ERROR;
				CLANG_WARN_DOCUMENTATION_COMMENTS = YES;
				CLANG_WARN_EMPTY_BODY = YES;
				CLANG_WARN_ENUM_CONVERSION = YES;
				CLANG_WARN_INFINITE_RECURSION = YES;
				CLANG_WARN_INT_CONVERSION = YES;
				CLANG_WARN_NON_LITERAL_NULL_CONVERSION = YES;
				CLANG_WARN_OBJC_IMPLICIT_RETAIN_SELF = YES;
				CLANG_WARN_OBJC_LITERAL_CONVERSION = YES;
				CLANG_WARN_OBJC_ROOT_CLASS = YES_ERROR;
				CLANG_WARN_QUOTED_INCLUDE_IN_FRAMEWORK_HEADER = YES;
				CLANG_WARN_RANGE_LOOP_ANALYSIS = YES;
				CLANG_WARN_STRICT_PROTOTYPES = YES;
				CLANG_WARN_SUSPICIOUS_MOVE = YES;
				CLANG_WARN_UNGUARDED_AVAILABILITY = YES_AGGRESSIVE;
				CLANG_WARN_UNREACHABLE_CODE = YES;
				CLANG_WARN__DUPLICATE_METHOD_MATCH = YES;
				COPY_PHASE_STRIP = NO;
				DEBUG_INFORMATION_FORMAT = "dwarf-with-dsym";
				ENABLE_NS_ASSERTIONS = NO;
				ENABLE_STRICT_OBJC_MSGSEND = YES;
				ENABLE_USER_SCRIPT_SANDBOXING = YES;
				GCC_C_LANGUAGE_STANDARD = gnu17;
				GCC_NO_COMMON_BLOCKS = YES;
				GCC_WARN_64_TO_32_BIT_CONVERSION = YES;
				GCC_WARN_ABOUT_RETURN_TYPE = YES_ERROR;
				GCC_WARN_UNDECLARED_SELECTOR = YES;
				GCC_WARN_UNINITIALIZED_AUTOS = YES_AGGRESSIVE;
				GCC_WARN_UNUSED_FUNCTION = YES;
				GCC_WARN_UNUSED_VARIABLE = YES;
				IPHONEOS_DEPLOYMENT_TARGET = 18.2;
				LOCALIZATION_PREFERS_STRING_CATALOGS = YES;
				MTL_ENABLE_DEBUG_INFO = NO;
				MTL_FAST_MATH = YES;
				SDKROOT = iphoneos;
				SWIFT_COMPILATION_MODE = wholemodule;
				VALIDATE_PRODUCT = YES;
			};
			name = Release;
		};
		ED7059F72D6C4610004484AD /* Debug */ = {
			isa = XCBuildConfiguration;
			buildSettings = {
				BUNDLE_LOADER = "$(TEST_HOST)";
				CODE_SIGN_STYLE = Automatic;
				CURRENT_PROJECT_VERSION = 1;
				GENERATE_INFOPLIST_FILE = YES;
				IPHONEOS_DEPLOYMENT_TARGET = 18.2;
				MARKETING_VERSION = 1.0;
				PRODUCT_BUNDLE_IDENTIFIER = "com.NH.iOS-App-Random-ColorTests";
				PRODUCT_NAME = "$(TARGET_NAME)";
				SWIFT_EMIT_LOC_STRINGS = NO;
				SWIFT_VERSION = 5.0;
				TARGETED_DEVICE_FAMILY = "1,2";
				TEST_HOST = "$(BUILT_PRODUCTS_DIR)/iOS_App_Random_Color.app/$(BUNDLE_EXECUTABLE_FOLDER_PATH)/iOS_App_Random_Color";
			};
			name = Debug;
		};
		ED7059F82D6C4610004484AD /* Release */ = {
			isa = XCBuildConfiguration;
			buildSettings = {
				BUNDLE_LOADER = "$(TEST_HOST)";
				CODE_SIGN_STYLE = Automatic;
				CURRENT_PROJECT_VERSION = 1;
				GENERATE_INFOPLIST_FILE = YES;
				IPHONEOS_DEPLOYMENT_TARGET = 18.2;
				MARKETING_VERSION = 1.0;
				PRODUCT_BUNDLE_IDENTIFIER = "com.NH.iOS-App-Random-ColorTests";
				PRODUCT_NAME = "$(TARGET_NAME)";
				SWIFT_EMIT_LOC_STRINGS = NO;
				SWIFT_VERSION = 5.0;
				TARGETED_DEVICE_FAMILY = "1,2";
				TEST_HOST = "$(BUILT_PRODUCTS_DIR)/iOS_App_Random_Color.app/$(BUNDLE_EXECUTABLE_FOLDER_PATH)/iOS_App_Random_Color";
			};
			name = Release;
		};
		ED7059FA2D6C4610004484AD /* Debug */ = {
			isa = XCBuildConfiguration;
			buildSettings = {
				CODE_SIGN_STYLE = Automatic;
				CURRENT_PROJECT_VERSION = 1;
				GENERATE_INFOPLIST_FILE = YES;
				MARKETING_VERSION = 1.0;
				PRODUCT_BUNDLE_IDENTIFIER = "com.NH.iOS-App-Random-ColorUITests";
				PRODUCT_NAME = "$(TARGET_NAME)";
				SWIFT_EMIT_LOC_STRINGS = NO;
				SWIFT_VERSION = 5.0;
				TARGETED_DEVICE_FAMILY = "1,2";
				TEST_TARGET_NAME = iOS_App_Random_Color;
			};
			name = Debug;
		};
		ED7059FB2D6C4610004484AD /* Release */ = {
			isa = XCBuildConfiguration;
			buildSettings = {
				CODE_SIGN_STYLE = Automatic;
				CURRENT_PROJECT_VERSION = 1;
				GENERATE_INFOPLIST_FILE = YES;
				MARKETING_VERSION = 1.0;
				PRODUCT_BUNDLE_IDENTIFIER = "com.NH.iOS-App-Random-ColorUITests";
				PRODUCT_NAME = "$(TARGET_NAME)";
				SWIFT_EMIT_LOC_STRINGS = NO;
				SWIFT_VERSION = 5.0;
				TARGETED_DEVICE_FAMILY = "1,2";
				TEST_TARGET_NAME = iOS_App_Random_Color;
			};
			name = Release;
		};
/* End XCBuildConfiguration section */

/* Begin XCConfigurationList section */
		ED7059C32D6C460F004484AD /* Build configuration list for PBXProject "iOS_App_Random_Color" */ = {
			isa = XCConfigurationList;
			buildConfigurations = (
				ED7059F42D6C4610004484AD /* Debug */,
				ED7059F52D6C4610004484AD /* Release */,
			);
			defaultConfigurationIsVisible = 0;
			defaultConfigurationName = Release;
		};
		ED7059F12D6C4610004484AD /* Build configuration list for PBXNativeTarget "iOS_App_Random_Color" */ = {
			isa = XCConfigurationList;
			buildConfigurations = (
				ED7059F22D6C4610004484AD /* Debug */,
				ED7059F32D6C4610004484AD /* Release */,
			);
			defaultConfigurationIsVisible = 0;
			defaultConfigurationName = Release;
		};
		ED7059F62D6C4610004484AD /* Build configuration list for PBXNativeTarget "iOS_App_Random_ColorTests" */ = {
			isa = XCConfigurationList;
			buildConfigurations = (
				ED7059F72D6C4610004484AD /* Debug */,
				ED7059F82D6C4610004484AD /* Release */,
			);
			defaultConfigurationIsVisible = 0;
			defaultConfigurationName = Release;
		};
		ED7059F92D6C4610004484AD /* Build configuration list for PBXNativeTarget "iOS_App_Random_ColorUITests" */ = {
			isa = XCConfigurationList;
			buildConfigurations = (
				ED7059FA2D6C4610004484AD /* Debug */,
				ED7059FB2D6C4610004484AD /* Release */,
			);
			defaultConfigurationIsVisible = 0;
			defaultConfigurationName = Release;
		};
/* End XCConfigurationList section */
	};
	rootObject = ED7059C02D6C460F004484AD /* Project object */;
}
